
Microsoft Visual Studio Solution File, Format Version 12.00
# Visual Studio Version 16
VisualStudioVersion = 16.0.30114.105
MinimumVisualStudioVersion = 10.0.40219.1
Project("{2150E333-8FDC-42A3-9474-1A3956D46DE8}") = "src", "src", "{72C0CCEA-950F-4051-9AB1-2FF74F50B1C1}"
EndProject
Project("{2150E333-8FDC-42A3-9474-1A3956D46DE8}") = "Building Blocks", "Building Blocks", "{C621DFCE-9F34-4983-986C-3746DBC5C512}"
EndProject
Project("{2150E333-8FDC-42A3-9474-1A3956D46DE8}") = "Services", "Services", "{C699C6F4-714E-46F1-862D-3DC563E4B165}"
EndProject
Project("{2150E333-8FDC-42A3-9474-1A3956D46DE8}") = "Web", "Web", "{65D9C582-FBFD-4883-B31E-6063C4EF4ED3}"
EndProject
Project("{2150E333-8FDC-42A3-9474-1A3956D46DE8}") = "Identidade", "Identidade", "{8E897514-2F2A-409F-A44C-E4DB2D2CF93A}"
EndProject
Project("{9A19103F-16F7-4668-BE54-9A1E7A4F7556}") = "Shopping.Identidade.API", "src\services\Shopping.Identidade.API\Shopping.Identidade.API.csproj", "{BB4C5449-81FE-4B04-AB5C-1450C9DFB646}"
EndProject
Project("{2150E333-8FDC-42A3-9474-1A3956D46DE8}") = "MVC", "MVC", "{2F029BBA-2FFF-4D7F-9800-F538B7D74812}"
EndProject
Project("{9A19103F-16F7-4668-BE54-9A1E7A4F7556}") = "Shopping.WebApp.MVC", "src\web\Shopping.WebApp.MVC\Shopping.WebApp.MVC.csproj", "{AA575766-27A3-4265-B40E-CC9B5823682E}"
EndProject
Project("{2150E333-8FDC-42A3-9474-1A3956D46DE8}") = "Core", "Core", "{B5FF81F3-BBBE-4CF6-A52F-D85D47400CEC}"
EndProject
Project("{9A19103F-16F7-4668-BE54-9A1E7A4F7556}") = "Shopping.Core", "src\building blocks\Shopping.Core\Shopping.Core.csproj", "{142C116C-376A-44FB-8044-D1240C50BE3B}"
EndProject
Project("{2150E333-8FDC-42A3-9474-1A3956D46DE8}") = "Carrinho", "Carrinho", "{2B294B16-C634-4F54-8088-BE73CD6EF13A}"
EndProject
Project("{9A19103F-16F7-4668-BE54-9A1E7A4F7556}") = "Shopping.Carrinho.API", "src\services\Shopping.Carrinho.API\Shopping.Carrinho.API.csproj", "{81D5F4F7-5556-4217-8E15-85CEB3736CBD}"
EndProject
Project("{2150E333-8FDC-42A3-9474-1A3956D46DE8}") = "Catalogo", "Catalogo", "{7B403F7B-AE2A-4A92-95F6-D007023111C1}"
EndProject
Project("{9A19103F-16F7-4668-BE54-9A1E7A4F7556}") = "Shopping.Catalogo.API", "src\services\Shopping.Catalogo.API\Shopping.Catalogo.API.csproj", "{32D83402-2EC2-432A-9CAC-DC860F90FEB6}"
EndProject
Project("{2150E333-8FDC-42A3-9474-1A3956D46DE8}") = "Cliente", "Cliente", "{D6228748-F979-4C97-B21E-0F182068441F}"
EndProject
Project("{9A19103F-16F7-4668-BE54-9A1E7A4F7556}") = "Shopping.Cliente.API", "src\services\Shopping.Cliente.API\Shopping.Cliente.API.csproj", "{3ADC3A19-D703-4361-AC44-4BEE8B7E8769}"
EndProject
Project("{2150E333-8FDC-42A3-9474-1A3956D46DE8}") = "Pagamento", "Pagamento", "{AAF994C7-5CD0-499D-8B0C-6726F99AD32A}"
EndProject
Project("{9A19103F-16F7-4668-BE54-9A1E7A4F7556}") = "Shopping.Pagamento.API", "src\services\Shopping.Pagamento.API\Shopping.Pagamento.API.csproj", "{22564483-F408-495C-9998-54E0DA637531}"
EndProject
Project("{2150E333-8FDC-42A3-9474-1A3956D46DE8}") = "Pedido", "Pedido", "{B8F8A9FB-1525-4234-ADE5-9D3C03D0A6AF}"
EndProject
Project("{9A19103F-16F7-4668-BE54-9A1E7A4F7556}") = "Shopping.Pedido.API", "src\services\Shopping.Pedido.API\Shopping.Pedido.API.csproj", "{3302FD62-1A24-4648-9E41-C9C752208619}"
EndProject
Project("{2150E333-8FDC-42A3-9474-1A3956D46DE8}") = "Services", "Services", "{94BF9898-61F4-4645-8FEA-07A5FEABEBA9}"
EndProject
Project("{9A19103F-16F7-4668-BE54-9A1E7A4F7556}") = "Shopping.Core.WebAPI", "src\building blocks\Shopping.Core.WebAPI\Shopping.Core.WebAPI.csproj", "{89565C02-FCAF-464E-92FA-16292C933AC1}"
EndProject
Project("{2150E333-8FDC-42A3-9474-1A3956D46DE8}") = "MessageBus", "MessageBus", "{515795E8-CE20-4DC8-8F8F-F99D75B05085}"
EndProject
Project("{FAE04EC0-301F-11D3-BF4B-00C04F79EFBC}") = "Shopping.MessageBus", "src\building blocks\Shopping.MessageBus\Shopping.MessageBus.csproj", "{DCF07CD5-AD74-48C1-9993-CAD6B4C485DA}"
EndProject
Project("{2150E333-8FDC-42A3-9474-1A3956D46DE8}") = "ApiGateways", "ApiGateways", "{9C7361E8-21B6-47A1-AE3E-31160F43CD11}"
EndProject
Project("{2150E333-8FDC-42A3-9474-1A3956D46DE8}") = "Compras", "Compras", "{C749CD31-F243-4AAB-80F2-EEFFD139FEE7}"
EndProject
Project("{FAE04EC0-301F-11D3-BF4B-00C04F79EFBC}") = "Shopping.Bff.Compras", "src\gateways\Shopping.Bff.Compras\Shopping.Bff.Compras.csproj", "{3F6910CA-EB59-460C-84C9-D6E1021DDA8C}"
EndProject
Global
	GlobalSection(SolutionConfigurationPlatforms) = preSolution
		Debug|Any CPU = Debug|Any CPU
		Debug|x64 = Debug|x64
		Debug|x86 = Debug|x86
		Release|Any CPU = Release|Any CPU
		Release|x64 = Release|x64
		Release|x86 = Release|x86
	EndGlobalSection
	GlobalSection(ProjectConfigurationPlatforms) = postSolution
		{BB4C5449-81FE-4B04-AB5C-1450C9DFB646}.Debug|Any CPU.ActiveCfg = Debug|Any CPU
		{BB4C5449-81FE-4B04-AB5C-1450C9DFB646}.Debug|Any CPU.Build.0 = Debug|Any CPU
		{BB4C5449-81FE-4B04-AB5C-1450C9DFB646}.Debug|x64.ActiveCfg = Debug|Any CPU
		{BB4C5449-81FE-4B04-AB5C-1450C9DFB646}.Debug|x64.Build.0 = Debug|Any CPU
		{BB4C5449-81FE-4B04-AB5C-1450C9DFB646}.Debug|x86.ActiveCfg = Debug|Any CPU
		{BB4C5449-81FE-4B04-AB5C-1450C9DFB646}.Debug|x86.Build.0 = Debug|Any CPU
		{BB4C5449-81FE-4B04-AB5C-1450C9DFB646}.Release|Any CPU.ActiveCfg = Release|Any CPU
		{BB4C5449-81FE-4B04-AB5C-1450C9DFB646}.Release|Any CPU.Build.0 = Release|Any CPU
		{BB4C5449-81FE-4B04-AB5C-1450C9DFB646}.Release|x64.ActiveCfg = Release|Any CPU
		{BB4C5449-81FE-4B04-AB5C-1450C9DFB646}.Release|x64.Build.0 = Release|Any CPU
		{BB4C5449-81FE-4B04-AB5C-1450C9DFB646}.Release|x86.ActiveCfg = Release|Any CPU
		{BB4C5449-81FE-4B04-AB5C-1450C9DFB646}.Release|x86.Build.0 = Release|Any CPU
		{AA575766-27A3-4265-B40E-CC9B5823682E}.Debug|Any CPU.ActiveCfg = Debug|Any CPU
		{AA575766-27A3-4265-B40E-CC9B5823682E}.Debug|Any CPU.Build.0 = Debug|Any CPU
		{AA575766-27A3-4265-B40E-CC9B5823682E}.Debug|x64.ActiveCfg = Debug|Any CPU
		{AA575766-27A3-4265-B40E-CC9B5823682E}.Debug|x64.Build.0 = Debug|Any CPU
		{AA575766-27A3-4265-B40E-CC9B5823682E}.Debug|x86.ActiveCfg = Debug|Any CPU
		{AA575766-27A3-4265-B40E-CC9B5823682E}.Debug|x86.Build.0 = Debug|Any CPU
		{AA575766-27A3-4265-B40E-CC9B5823682E}.Release|Any CPU.ActiveCfg = Release|Any CPU
		{AA575766-27A3-4265-B40E-CC9B5823682E}.Release|Any CPU.Build.0 = Release|Any CPU
		{AA575766-27A3-4265-B40E-CC9B5823682E}.Release|x64.ActiveCfg = Release|Any CPU
		{AA575766-27A3-4265-B40E-CC9B5823682E}.Release|x64.Build.0 = Release|Any CPU
		{AA575766-27A3-4265-B40E-CC9B5823682E}.Release|x86.ActiveCfg = Release|Any CPU
		{AA575766-27A3-4265-B40E-CC9B5823682E}.Release|x86.Build.0 = Release|Any CPU
		{142C116C-376A-44FB-8044-D1240C50BE3B}.Debug|Any CPU.ActiveCfg = Debug|Any CPU
		{142C116C-376A-44FB-8044-D1240C50BE3B}.Debug|Any CPU.Build.0 = Debug|Any CPU
		{142C116C-376A-44FB-8044-D1240C50BE3B}.Debug|x64.ActiveCfg = Debug|Any CPU
		{142C116C-376A-44FB-8044-D1240C50BE3B}.Debug|x64.Build.0 = Debug|Any CPU
		{142C116C-376A-44FB-8044-D1240C50BE3B}.Debug|x86.ActiveCfg = Debug|Any CPU
		{142C116C-376A-44FB-8044-D1240C50BE3B}.Debug|x86.Build.0 = Debug|Any CPU
		{142C116C-376A-44FB-8044-D1240C50BE3B}.Release|Any CPU.ActiveCfg = Release|Any CPU
		{142C116C-376A-44FB-8044-D1240C50BE3B}.Release|Any CPU.Build.0 = Release|Any CPU
		{142C116C-376A-44FB-8044-D1240C50BE3B}.Release|x64.ActiveCfg = Release|Any CPU
		{142C116C-376A-44FB-8044-D1240C50BE3B}.Release|x64.Build.0 = Release|Any CPU
		{142C116C-376A-44FB-8044-D1240C50BE3B}.Release|x86.ActiveCfg = Release|Any CPU
		{142C116C-376A-44FB-8044-D1240C50BE3B}.Release|x86.Build.0 = Release|Any CPU
		{81D5F4F7-5556-4217-8E15-85CEB3736CBD}.Debug|Any CPU.ActiveCfg = Debug|Any CPU
		{81D5F4F7-5556-4217-8E15-85CEB3736CBD}.Debug|Any CPU.Build.0 = Debug|Any CPU
		{81D5F4F7-5556-4217-8E15-85CEB3736CBD}.Debug|x64.ActiveCfg = Debug|Any CPU
		{81D5F4F7-5556-4217-8E15-85CEB3736CBD}.Debug|x64.Build.0 = Debug|Any CPU
		{81D5F4F7-5556-4217-8E15-85CEB3736CBD}.Debug|x86.ActiveCfg = Debug|Any CPU
		{81D5F4F7-5556-4217-8E15-85CEB3736CBD}.Debug|x86.Build.0 = Debug|Any CPU
		{81D5F4F7-5556-4217-8E15-85CEB3736CBD}.Release|Any CPU.ActiveCfg = Release|Any CPU
		{81D5F4F7-5556-4217-8E15-85CEB3736CBD}.Release|Any CPU.Build.0 = Release|Any CPU
		{81D5F4F7-5556-4217-8E15-85CEB3736CBD}.Release|x64.ActiveCfg = Release|Any CPU
		{81D5F4F7-5556-4217-8E15-85CEB3736CBD}.Release|x64.Build.0 = Release|Any CPU
		{81D5F4F7-5556-4217-8E15-85CEB3736CBD}.Release|x86.ActiveCfg = Release|Any CPU
		{81D5F4F7-5556-4217-8E15-85CEB3736CBD}.Release|x86.Build.0 = Release|Any CPU
		{32D83402-2EC2-432A-9CAC-DC860F90FEB6}.Debug|Any CPU.ActiveCfg = Debug|Any CPU
		{32D83402-2EC2-432A-9CAC-DC860F90FEB6}.Debug|Any CPU.Build.0 = Debug|Any CPU
		{32D83402-2EC2-432A-9CAC-DC860F90FEB6}.Debug|x64.ActiveCfg = Debug|Any CPU
		{32D83402-2EC2-432A-9CAC-DC860F90FEB6}.Debug|x64.Build.0 = Debug|Any CPU
		{32D83402-2EC2-432A-9CAC-DC860F90FEB6}.Debug|x86.ActiveCfg = Debug|Any CPU
		{32D83402-2EC2-432A-9CAC-DC860F90FEB6}.Debug|x86.Build.0 = Debug|Any CPU
		{32D83402-2EC2-432A-9CAC-DC860F90FEB6}.Release|Any CPU.ActiveCfg = Release|Any CPU
		{32D83402-2EC2-432A-9CAC-DC860F90FEB6}.Release|Any CPU.Build.0 = Release|Any CPU
		{32D83402-2EC2-432A-9CAC-DC860F90FEB6}.Release|x64.ActiveCfg = Release|Any CPU
		{32D83402-2EC2-432A-9CAC-DC860F90FEB6}.Release|x64.Build.0 = Release|Any CPU
		{32D83402-2EC2-432A-9CAC-DC860F90FEB6}.Release|x86.ActiveCfg = Release|Any CPU
		{32D83402-2EC2-432A-9CAC-DC860F90FEB6}.Release|x86.Build.0 = Release|Any CPU
		{3ADC3A19-D703-4361-AC44-4BEE8B7E8769}.Debug|Any CPU.ActiveCfg = Debug|Any CPU
		{3ADC3A19-D703-4361-AC44-4BEE8B7E8769}.Debug|Any CPU.Build.0 = Debug|Any CPU
		{3ADC3A19-D703-4361-AC44-4BEE8B7E8769}.Debug|x64.ActiveCfg = Debug|Any CPU
		{3ADC3A19-D703-4361-AC44-4BEE8B7E8769}.Debug|x64.Build.0 = Debug|Any CPU
		{3ADC3A19-D703-4361-AC44-4BEE8B7E8769}.Debug|x86.ActiveCfg = Debug|Any CPU
		{3ADC3A19-D703-4361-AC44-4BEE8B7E8769}.Debug|x86.Build.0 = Debug|Any CPU
		{3ADC3A19-D703-4361-AC44-4BEE8B7E8769}.Release|Any CPU.ActiveCfg = Release|Any CPU
		{3ADC3A19-D703-4361-AC44-4BEE8B7E8769}.Release|Any CPU.Build.0 = Release|Any CPU
		{3ADC3A19-D703-4361-AC44-4BEE8B7E8769}.Release|x64.ActiveCfg = Release|Any CPU
		{3ADC3A19-D703-4361-AC44-4BEE8B7E8769}.Release|x64.Build.0 = Release|Any CPU
		{3ADC3A19-D703-4361-AC44-4BEE8B7E8769}.Release|x86.ActiveCfg = Release|Any CPU
		{3ADC3A19-D703-4361-AC44-4BEE8B7E8769}.Release|x86.Build.0 = Release|Any CPU
		{22564483-F408-495C-9998-54E0DA637531}.Debug|Any CPU.ActiveCfg = Debug|Any CPU
		{22564483-F408-495C-9998-54E0DA637531}.Debug|Any CPU.Build.0 = Debug|Any CPU
		{22564483-F408-495C-9998-54E0DA637531}.Debug|x64.ActiveCfg = Debug|Any CPU
		{22564483-F408-495C-9998-54E0DA637531}.Debug|x64.Build.0 = Debug|Any CPU
		{22564483-F408-495C-9998-54E0DA637531}.Debug|x86.ActiveCfg = Debug|Any CPU
		{22564483-F408-495C-9998-54E0DA637531}.Debug|x86.Build.0 = Debug|Any CPU
		{22564483-F408-495C-9998-54E0DA637531}.Release|Any CPU.ActiveCfg = Release|Any CPU
		{22564483-F408-495C-9998-54E0DA637531}.Release|Any CPU.Build.0 = Release|Any CPU
		{22564483-F408-495C-9998-54E0DA637531}.Release|x64.ActiveCfg = Release|Any CPU
		{22564483-F408-495C-9998-54E0DA637531}.Release|x64.Build.0 = Release|Any CPU
		{22564483-F408-495C-9998-54E0DA637531}.Release|x86.ActiveCfg = Release|Any CPU
		{22564483-F408-495C-9998-54E0DA637531}.Release|x86.Build.0 = Release|Any CPU
		{3302FD62-1A24-4648-9E41-C9C752208619}.Debug|Any CPU.ActiveCfg = Debug|Any CPU
		{3302FD62-1A24-4648-9E41-C9C752208619}.Debug|Any CPU.Build.0 = Debug|Any CPU
		{3302FD62-1A24-4648-9E41-C9C752208619}.Debug|x64.ActiveCfg = Debug|Any CPU
		{3302FD62-1A24-4648-9E41-C9C752208619}.Debug|x64.Build.0 = Debug|Any CPU
		{3302FD62-1A24-4648-9E41-C9C752208619}.Debug|x86.ActiveCfg = Debug|Any CPU
		{3302FD62-1A24-4648-9E41-C9C752208619}.Debug|x86.Build.0 = Debug|Any CPU
		{3302FD62-1A24-4648-9E41-C9C752208619}.Release|Any CPU.ActiveCfg = Release|Any CPU
		{3302FD62-1A24-4648-9E41-C9C752208619}.Release|Any CPU.Build.0 = Release|Any CPU
		{3302FD62-1A24-4648-9E41-C9C752208619}.Release|x64.ActiveCfg = Release|Any CPU
		{3302FD62-1A24-4648-9E41-C9C752208619}.Release|x64.Build.0 = Release|Any CPU
		{3302FD62-1A24-4648-9E41-C9C752208619}.Release|x86.ActiveCfg = Release|Any CPU
		{3302FD62-1A24-4648-9E41-C9C752208619}.Release|x86.Build.0 = Release|Any CPU
		{89565C02-FCAF-464E-92FA-16292C933AC1}.Debug|Any CPU.ActiveCfg = Debug|Any CPU
		{89565C02-FCAF-464E-92FA-16292C933AC1}.Debug|Any CPU.Build.0 = Debug|Any CPU
		{89565C02-FCAF-464E-92FA-16292C933AC1}.Debug|x64.ActiveCfg = Debug|Any CPU
		{89565C02-FCAF-464E-92FA-16292C933AC1}.Debug|x64.Build.0 = Debug|Any CPU
		{89565C02-FCAF-464E-92FA-16292C933AC1}.Debug|x86.ActiveCfg = Debug|Any CPU
		{89565C02-FCAF-464E-92FA-16292C933AC1}.Debug|x86.Build.0 = Debug|Any CPU
		{89565C02-FCAF-464E-92FA-16292C933AC1}.Release|Any CPU.ActiveCfg = Release|Any CPU
		{89565C02-FCAF-464E-92FA-16292C933AC1}.Release|Any CPU.Build.0 = Release|Any CPU
		{89565C02-FCAF-464E-92FA-16292C933AC1}.Release|x64.ActiveCfg = Release|Any CPU
		{89565C02-FCAF-464E-92FA-16292C933AC1}.Release|x64.Build.0 = Release|Any CPU
		{89565C02-FCAF-464E-92FA-16292C933AC1}.Release|x86.ActiveCfg = Release|Any CPU
		{89565C02-FCAF-464E-92FA-16292C933AC1}.Release|x86.Build.0 = Release|Any CPU
		{DCF07CD5-AD74-48C1-9993-CAD6B4C485DA}.Debug|Any CPU.ActiveCfg = Debug|Any CPU
		{DCF07CD5-AD74-48C1-9993-CAD6B4C485DA}.Debug|Any CPU.Build.0 = Debug|Any CPU
		{DCF07CD5-AD74-48C1-9993-CAD6B4C485DA}.Debug|x64.ActiveCfg = Debug|Any CPU
		{DCF07CD5-AD74-48C1-9993-CAD6B4C485DA}.Debug|x64.Build.0 = Debug|Any CPU
		{DCF07CD5-AD74-48C1-9993-CAD6B4C485DA}.Debug|x86.ActiveCfg = Debug|Any CPU
		{DCF07CD5-AD74-48C1-9993-CAD6B4C485DA}.Debug|x86.Build.0 = Debug|Any CPU
		{DCF07CD5-AD74-48C1-9993-CAD6B4C485DA}.Release|Any CPU.ActiveCfg = Release|Any CPU
		{DCF07CD5-AD74-48C1-9993-CAD6B4C485DA}.Release|Any CPU.Build.0 = Release|Any CPU
		{DCF07CD5-AD74-48C1-9993-CAD6B4C485DA}.Release|x64.ActiveCfg = Release|Any CPU
		{DCF07CD5-AD74-48C1-9993-CAD6B4C485DA}.Release|x64.Build.0 = Release|Any CPU
		{DCF07CD5-AD74-48C1-9993-CAD6B4C485DA}.Release|x86.ActiveCfg = Release|Any CPU
		{DCF07CD5-AD74-48C1-9993-CAD6B4C485DA}.Release|x86.Build.0 = Release|Any CPU
		{3F6910CA-EB59-460C-84C9-D6E1021DDA8C}.Debug|Any CPU.ActiveCfg = Debug|Any CPU
		{3F6910CA-EB59-460C-84C9-D6E1021DDA8C}.Debug|Any CPU.Build.0 = Debug|Any CPU
		{3F6910CA-EB59-460C-84C9-D6E1021DDA8C}.Debug|x64.ActiveCfg = Debug|Any CPU
		{3F6910CA-EB59-460C-84C9-D6E1021DDA8C}.Debug|x64.Build.0 = Debug|Any CPU
		{3F6910CA-EB59-460C-84C9-D6E1021DDA8C}.Debug|x86.ActiveCfg = Debug|Any CPU
		{3F6910CA-EB59-460C-84C9-D6E1021DDA8C}.Debug|x86.Build.0 = Debug|Any CPU
		{3F6910CA-EB59-460C-84C9-D6E1021DDA8C}.Release|Any CPU.ActiveCfg = Release|Any CPU
		{3F6910CA-EB59-460C-84C9-D6E1021DDA8C}.Release|Any CPU.Build.0 = Release|Any CPU
		{3F6910CA-EB59-460C-84C9-D6E1021DDA8C}.Release|x64.ActiveCfg = Release|Any CPU
		{3F6910CA-EB59-460C-84C9-D6E1021DDA8C}.Release|x64.Build.0 = Release|Any CPU
		{3F6910CA-EB59-460C-84C9-D6E1021DDA8C}.Release|x86.ActiveCfg = Release|Any CPU
		{3F6910CA-EB59-460C-84C9-D6E1021DDA8C}.Release|x86.Build.0 = Release|Any CPU
	EndGlobalSection
	GlobalSection(SolutionProperties) = preSolution
		HideSolutionNode = FALSE
	EndGlobalSection
	GlobalSection(NestedProjects) = preSolution
		{C621DFCE-9F34-4983-986C-3746DBC5C512} = {72C0CCEA-950F-4051-9AB1-2FF74F50B1C1}
		{C699C6F4-714E-46F1-862D-3DC563E4B165} = {72C0CCEA-950F-4051-9AB1-2FF74F50B1C1}
		{65D9C582-FBFD-4883-B31E-6063C4EF4ED3} = {72C0CCEA-950F-4051-9AB1-2FF74F50B1C1}
		{8E897514-2F2A-409F-A44C-E4DB2D2CF93A} = {C699C6F4-714E-46F1-862D-3DC563E4B165}
		{BB4C5449-81FE-4B04-AB5C-1450C9DFB646} = {8E897514-2F2A-409F-A44C-E4DB2D2CF93A}
		{2F029BBA-2FFF-4D7F-9800-F538B7D74812} = {65D9C582-FBFD-4883-B31E-6063C4EF4ED3}
		{AA575766-27A3-4265-B40E-CC9B5823682E} = {2F029BBA-2FFF-4D7F-9800-F538B7D74812}
		{B5FF81F3-BBBE-4CF6-A52F-D85D47400CEC} = {C621DFCE-9F34-4983-986C-3746DBC5C512}
		{142C116C-376A-44FB-8044-D1240C50BE3B} = {B5FF81F3-BBBE-4CF6-A52F-D85D47400CEC}
		{2B294B16-C634-4F54-8088-BE73CD6EF13A} = {C699C6F4-714E-46F1-862D-3DC563E4B165}
		{81D5F4F7-5556-4217-8E15-85CEB3736CBD} = {2B294B16-C634-4F54-8088-BE73CD6EF13A}
		{7B403F7B-AE2A-4A92-95F6-D007023111C1} = {C699C6F4-714E-46F1-862D-3DC563E4B165}
		{32D83402-2EC2-432A-9CAC-DC860F90FEB6} = {7B403F7B-AE2A-4A92-95F6-D007023111C1}
		{D6228748-F979-4C97-B21E-0F182068441F} = {C699C6F4-714E-46F1-862D-3DC563E4B165}
		{3ADC3A19-D703-4361-AC44-4BEE8B7E8769} = {D6228748-F979-4C97-B21E-0F182068441F}
		{AAF994C7-5CD0-499D-8B0C-6726F99AD32A} = {C699C6F4-714E-46F1-862D-3DC563E4B165}
		{22564483-F408-495C-9998-54E0DA637531} = {AAF994C7-5CD0-499D-8B0C-6726F99AD32A}
		{B8F8A9FB-1525-4234-ADE5-9D3C03D0A6AF} = {C699C6F4-714E-46F1-862D-3DC563E4B165}
		{3302FD62-1A24-4648-9E41-C9C752208619} = {B8F8A9FB-1525-4234-ADE5-9D3C03D0A6AF}
		{94BF9898-61F4-4645-8FEA-07A5FEABEBA9} = {C621DFCE-9F34-4983-986C-3746DBC5C512}
		{89565C02-FCAF-464E-92FA-16292C933AC1} = {94BF9898-61F4-4645-8FEA-07A5FEABEBA9}
		{515795E8-CE20-4DC8-8F8F-F99D75B05085} = {C621DFCE-9F34-4983-986C-3746DBC5C512}
		{DCF07CD5-AD74-48C1-9993-CAD6B4C485DA} = {515795E8-CE20-4DC8-8F8F-F99D75B05085}
		{9C7361E8-21B6-47A1-AE3E-31160F43CD11} = {72C0CCEA-950F-4051-9AB1-2FF74F50B1C1}
		{C749CD31-F243-4AAB-80F2-EEFFD139FEE7} = {9C7361E8-21B6-47A1-AE3E-31160F43CD11}
		{3F6910CA-EB59-460C-84C9-D6E1021DDA8C} = {C749CD31-F243-4AAB-80F2-EEFFD139FEE7}
	EndGlobalSection
	GlobalSection(ExtensibilityGlobals) = postSolution
		SolutionGuid = {7CC835DA-C9BF-47A1-A98B-3D5D735345EF}
	EndGlobalSection
EndGlobal
